
Microsoft Visual Studio Solution File, Format Version 12.00
# Visual Studio Version 16
VisualStudioVersion = 16.0.31911.196
MinimumVisualStudioVersion = 10.0.40219.1
Project("{FAE04EC0-301F-11D3-BF4B-00C04F79EFBC}") = "CBZTool", "CBZTool\CBZTool.csproj", "{9FE544AA-C7DB-4A8C-B793-AA0BB2A59213}"
EndProject
Project("{2150E333-8FDC-42A3-9474-1A3956D46DE8}") = "Solution Items", "Solution Items", "{D5E15641-8B91-46AF-955A-EED374BB5F02}"
	ProjectSection(SolutionItems) = preProject
		README.md = README.md
	EndProjectSection
EndProject
Project("{FAE04EC0-301F-11D3-BF4B-00C04F79EFBC}") = "CBZLib", "CBZLib\CBZLib.csproj", "{AF9164BA-A68B-4E1C-B121-E64DF85CBF0C}"
EndProject
Global
	GlobalSection(SolutionConfigurationPlatforms) = preSolution
		Debug|Any CPU = Debug|Any CPU
		Release|Any CPU = Release|Any CPU
	EndGlobalSection
	GlobalSection(ProjectConfigurationPlatforms) = postSolution
		{9FE544AA-C7DB-4A8C-B793-AA0BB2A59213}.Debug|Any CPU.ActiveCfg = Debug|Any CPU
		{9FE544AA-C7DB-4A8C-B793-AA0BB2A59213}.Debug|Any CPU.Build.0 = Debug|Any CPU
		{9FE544AA-C7DB-4A8C-B793-AA0BB2A59213}.Release|Any CPU.ActiveCfg = Release|Any CPU
		{9FE544AA-C7DB-4A8C-B793-AA0BB2A59213}.Release|Any CPU.Build.0 = Release|Any CPU
		{AF9164BA-A68B-4E1C-B121-E64DF85CBF0C}.Debug|Any CPU.ActiveCfg = Debug|Any CPU
		{AF9164BA-A68B-4E1C-B121-E64DF85CBF0C}.Debug|Any CPU.Build.0 = Debug|Any CPU
		{AF9164BA-A68B-4E1C-B121-E64DF85CBF0C}.Release|Any CPU.ActiveCfg = Release|Any CPU
		{AF9164BA-A68B-4E1C-B121-E64DF85CBF0C}.Release|Any CPU.Build.0 = Release|Any CPU
	EndGlobalSection
	GlobalSection(SolutionProperties) = preSolution
		HideSolutionNode = FALSE
	EndGlobalSection
	GlobalSection(ExtensibilityGlobals) = postSolution
		SolutionGuid = {2B02AF11-6AC4-4FE1-9F6B-BB3E3C43F998}
	EndGlobalSection
EndGlobal
